
Microsoft Visual Studio Solution File, Format Version 12.00
# Visual Studio Version 16
VisualStudioVersion = 16.0.31321.278
MinimumVisualStudioVersion = 10.0.40219.1
Project("{FAE04EC0-301F-11D3-BF4B-00C04F79EFBC}") = "DIIntoRazorViewsExample", "DIIntoRazorViewsExample\DIIntoRazorViewsExample.csproj", "{E484B8E9-7F43-4FDE-AD97-03A03BC6A31E}"
EndProject
Global
	GlobalSection(SolutionConfigurationPlatforms) = preSolution
		Debug|Any CPU = Debug|Any CPU
		Release|Any CPU = Release|Any CPU
	EndGlobalSection
	GlobalSection(ProjectConfigurationPlatforms) = postSolution
		{E484B8E9-7F43-4FDE-AD97-03A03BC6A31E}.Debug|Any CPU.ActiveCfg = Debug|Any CPU
		{E484B8E9-7F43-4FDE-AD97-03A03BC6A31E}.Debug|Any CPU.Build.0 = Debug|Any CPU
		{E484B8E9-7F43-4FDE-AD97-03A03BC6A31E}.Release|Any CPU.ActiveCfg = Release|Any CPU
		{E484B8E9-7F43-4FDE-AD97-03A03BC6A31E}.Release|Any CPU.Build.0 = Release|Any CPU
	EndGlobalSection
	GlobalSection(SolutionProperties) = preSolution
		HideSolutionNode = FALSE
	EndGlobalSection
	GlobalSection(ExtensibilityGlobals) = postSolution
		SolutionGuid = {48230C81-4EF5-47FB-988C-B9930DA9A48F}
	EndGlobalSection
EndGlobal
